{
  "name": "stacklizard",
  "version": "0.1.0",
  "lockfileVersion": 1,
  "requires": true,
  "dependencies": {
    "acorn": {
      "version": "7.2.0",
      "resolved": "https://registry.npmjs.org/acorn/-/acorn-7.2.0.tgz",
      "integrity": "sha512-apwXVmYVpQ34m/i71vrApRrRKCWQnZZF1+npOD0WV5xZFfwWOmKGQ2RWlfdy9vWITsenisM8M0Qeq8agcFHNiQ=="
    },
    "acorn-jsx": {
      "version": "5.2.0",
      "resolved": "https://registry.npmjs.org/acorn-jsx/-/acorn-jsx-5.2.0.tgz",
      "integrity": "sha512-HiUX/+K2YpkpJ+SzBffkM/AQ2YE03S0U1kjTLVpoJdhZMOWy8qvXVN9JdLqv2QsaQ6MPYQIuNmwD8zOiYUofLQ=="
    },
    "acorn-walk": {
      "version": "7.1.1",
      "resolved": "https://registry.npmjs.org/acorn-walk/-/acorn-walk-7.1.1.tgz",
      "integrity": "sha512-wdlPY2tm/9XBr7QkKlq0WQVgiuGTX6YWPyRyBviSoScBuLfTVQhvwg6wJ369GJ/1nPfTLMfnrFIfjqVg6d+jQQ=="
    },
    "eslint-visitor-keys": {
      "version": "1.1.0",
      "resolved": "https://registry.npmjs.org/eslint-visitor-keys/-/eslint-visitor-keys-1.1.0.tgz",
      "integrity": "sha512-8y9YjtM1JBJU/A9Kc+SbaOV4y29sSWckBwMHa+FGtVj5gN/sbnKDf6xJUl+8g7FAij9LVaP8C24DUiH/f/2Z9A=="
    },
    "espree": {
      "version": "7.0.0",
      "resolved": "https://registry.npmjs.org/espree/-/espree-7.0.0.tgz",
      "integrity": "sha512-/r2XEx5Mw4pgKdyb7GNLQNsu++asx/dltf/CI8RFi9oGHxmQFgvLbc5Op4U6i8Oaj+kdslhJtVlEZeAqH5qOTw==",
      "requires": {
        "acorn": "^7.1.1",
        "acorn-jsx": "^5.2.0",
        "eslint-visitor-keys": "^1.1.0"
      }
    }
  }
}
